
Microsoft Visual Studio Solution File, Format Version 12.00
# Visual Studio 2013
VisualStudioVersion = 12.0.31101.0
MinimumVisualStudioVersion = 10.0.40219.1
Project("{FAE04EC0-301F-11D3-BF4B-00C04F79EFBC}") = "01.LeapYear", "01.LeapYear\01.LeapYear.csproj", "{41C4C03A-4177-4648-BEFB-DAD00818403B}"
EndProject
Project("{FAE04EC0-301F-11D3-BF4B-00C04F79EFBC}") = "02.RandomNumbers", "02.RandomNumbers\02.RandomNumbers.csproj", "{4288E904-D33C-448F-A247-3DB8C0248758}"
EndProject
Project("{FAE04EC0-301F-11D3-BF4B-00C04F79EFBC}") = "03.DayOfWeek", "03.DayOfWeek\03.DayOfWeek.csproj", "{EBDE2770-5707-40C6-9806-939A0C668F28}"
EndProject
Project("{FAE04EC0-301F-11D3-BF4B-00C04F79EFBC}") = "04.TriangleSurface", "04.TriangleSurface\04.TriangleSurface.csproj", "{67E37A81-1355-45F8-AE65-BD1BAD986476}"
EndProject
Project("{FAE04EC0-301F-11D3-BF4B-00C04F79EFBC}") = "05.Workdays", "05.Workdays\05.Workdays.csproj", "{8D368ED4-03A7-4C67-873D-B03F13B834C3}"
EndProject
Project("{FAE04EC0-301F-11D3-BF4B-00C04F79EFBC}") = "06.SumIntegers", "06.SumIntegers\06.SumIntegers.csproj", "{620F40D5-C084-463F-BC44-02C62B5BC5DD}"
EndProject
Global
	GlobalSection(SolutionConfigurationPlatforms) = preSolution
		Debug|Any CPU = Debug|Any CPU
		Release|Any CPU = Release|Any CPU
	EndGlobalSection
	GlobalSection(ProjectConfigurationPlatforms) = postSolution
		{41C4C03A-4177-4648-BEFB-DAD00818403B}.Debug|Any CPU.ActiveCfg = Debug|Any CPU
		{41C4C03A-4177-4648-BEFB-DAD00818403B}.Debug|Any CPU.Build.0 = Debug|Any CPU
		{41C4C03A-4177-4648-BEFB-DAD00818403B}.Release|Any CPU.ActiveCfg = Release|Any CPU
		{41C4C03A-4177-4648-BEFB-DAD00818403B}.Release|Any CPU.Build.0 = Release|Any CPU
		{4288E904-D33C-448F-A247-3DB8C0248758}.Debug|Any CPU.ActiveCfg = Debug|Any CPU
		{4288E904-D33C-448F-A247-3DB8C0248758}.Debug|Any CPU.Build.0 = Debug|Any CPU
		{4288E904-D33C-448F-A247-3DB8C0248758}.Release|Any CPU.ActiveCfg = Release|Any CPU
		{4288E904-D33C-448F-A247-3DB8C0248758}.Release|Any CPU.Build.0 = Release|Any CPU
		{EBDE2770-5707-40C6-9806-939A0C668F28}.Debug|Any CPU.ActiveCfg = Debug|Any CPU
		{EBDE2770-5707-40C6-9806-939A0C668F28}.Debug|Any CPU.Build.0 = Debug|Any CPU
		{EBDE2770-5707-40C6-9806-939A0C668F28}.Release|Any CPU.ActiveCfg = Release|Any CPU
		{EBDE2770-5707-40C6-9806-939A0C668F28}.Release|Any CPU.Build.0 = Release|Any CPU
		{67E37A81-1355-45F8-AE65-BD1BAD986476}.Debug|Any CPU.ActiveCfg = Debug|Any CPU
		{67E37A81-1355-45F8-AE65-BD1BAD986476}.Debug|Any CPU.Build.0 = Debug|Any CPU
		{67E37A81-1355-45F8-AE65-BD1BAD986476}.Release|Any CPU.ActiveCfg = Release|Any CPU
		{67E37A81-1355-45F8-AE65-BD1BAD986476}.Release|Any CPU.Build.0 = Release|Any CPU
		{8D368ED4-03A7-4C67-873D-B03F13B834C3}.Debug|Any CPU.ActiveCfg = Debug|Any CPU
		{8D368ED4-03A7-4C67-873D-B03F13B834C3}.Debug|Any CPU.Build.0 = Debug|Any CPU
		{8D368ED4-03A7-4C67-873D-B03F13B834C3}.Release|Any CPU.ActiveCfg = Release|Any CPU
		{8D368ED4-03A7-4C67-873D-B03F13B834C3}.Release|Any CPU.Build.0 = Release|Any CPU
		{620F40D5-C084-463F-BC44-02C62B5BC5DD}.Debug|Any CPU.ActiveCfg = Debug|Any CPU
		{620F40D5-C084-463F-BC44-02C62B5BC5DD}.Debug|Any CPU.Build.0 = Debug|Any CPU
		{620F40D5-C084-463F-BC44-02C62B5BC5DD}.Release|Any CPU.ActiveCfg = Release|Any CPU
		{620F40D5-C084-463F-BC44-02C62B5BC5DD}.Release|Any CPU.Build.0 = Release|Any CPU
	EndGlobalSection
	GlobalSection(SolutionProperties) = preSolution
		HideSolutionNode = FALSE
	EndGlobalSection
EndGlobal
